
Microsoft Visual Studio Solution File, Format Version 12.00
# Visual Studio Version 17
VisualStudioVersion = 17.5.33516.290
MinimumVisualStudioVersion = 10.0.40219.1
Project("{FAE04EC0-301F-11D3-BF4B-00C04F79EFBC}") = "ImageOrganizer", "ImageOrganizer.csproj", "{5F58DAC5-EFA7-43B2-9700-31660013EF3D}"
EndProject
Project("{FAE04EC0-301F-11D3-BF4B-00C04F79EFBC}") = "ImageOrganizer.Tests", "..\ImageOrganizer.Tests\ImageOrganizer.Tests.csproj", "{ACF403D9-91B4-4B06-B221-D3E305F6DC53}"
EndProject
Global
	GlobalSection(SolutionConfigurationPlatforms) = preSolution
		Debug|Any CPU = Debug|Any CPU
		Release|Any CPU = Release|Any CPU
	EndGlobalSection
	GlobalSection(ProjectConfigurationPlatforms) = postSolution
		{5F58DAC5-EFA7-43B2-9700-31660013EF3D}.Debug|Any CPU.ActiveCfg = Debug|Any CPU
		{5F58DAC5-EFA7-43B2-9700-31660013EF3D}.Debug|Any CPU.Build.0 = Debug|Any CPU
		{5F58DAC5-EFA7-43B2-9700-31660013EF3D}.Release|Any CPU.ActiveCfg = Release|Any CPU
		{5F58DAC5-EFA7-43B2-9700-31660013EF3D}.Release|Any CPU.Build.0 = Release|Any CPU
		{ACF403D9-91B4-4B06-B221-D3E305F6DC53}.Debug|Any CPU.ActiveCfg = Debug|Any CPU
		{ACF403D9-91B4-4B06-B221-D3E305F6DC53}.Debug|Any CPU.Build.0 = Debug|Any CPU
		{ACF403D9-91B4-4B06-B221-D3E305F6DC53}.Release|Any CPU.ActiveCfg = Release|Any CPU
		{ACF403D9-91B4-4B06-B221-D3E305F6DC53}.Release|Any CPU.Build.0 = Release|Any CPU
	EndGlobalSection
	GlobalSection(SolutionProperties) = preSolution
		HideSolutionNode = FALSE
	EndGlobalSection
	GlobalSection(ExtensibilityGlobals) = postSolution
		SolutionGuid = {F93B8977-E515-4427-9CEF-FD253B03E5F9}
	EndGlobalSection
EndGlobal
